
Microsoft Visual Studio Solution File, Format Version 12.00
# Visual Studio Version 17
VisualStudioVersion = 17.6.33815.320
MinimumVisualStudioVersion = 10.0.40219.1
Project("{9A19103F-16F7-4668-BE54-9A1E7A4F7556}") = "E6dWebApp", "Library\E6dWebApp.csproj", "{3DBFCCD9-413D-4EF9-9FEC-CE1AC7E42E3F}"
EndProject
Project("{2150E333-8FDC-42A3-9474-1A3956D46DE8}") = "Элементы решения", "Элементы решения", "{917F4217-28DF-44AC-8BEA-CF28A63DABF6}"
	ProjectSection(SolutionItems) = preProject
		README.md = README.md
	EndProjectSection
EndProject
Project("{2150E333-8FDC-42A3-9474-1A3956D46DE8}") = "Tests", "Tests", "{914A0D02-5C32-424E-99CC-278EF8097BAE}"
EndProject
Project("{9A19103F-16F7-4668-BE54-9A1E7A4F7556}") = "Helloer", "Demo\Helloer\Helloer.csproj", "{B231FDB5-DF3F-425F-A224-1057A3E7182C}"
EndProject
Global
	GlobalSection(SolutionConfigurationPlatforms) = preSolution
		Debug|Any CPU = Debug|Any CPU
		Release|Any CPU = Release|Any CPU
	EndGlobalSection
	GlobalSection(ProjectConfigurationPlatforms) = postSolution
		{3DBFCCD9-413D-4EF9-9FEC-CE1AC7E42E3F}.Debug|Any CPU.ActiveCfg = Debug|Any CPU
		{3DBFCCD9-413D-4EF9-9FEC-CE1AC7E42E3F}.Debug|Any CPU.Build.0 = Debug|Any CPU
		{3DBFCCD9-413D-4EF9-9FEC-CE1AC7E42E3F}.Release|Any CPU.ActiveCfg = Release|Any CPU
		{3DBFCCD9-413D-4EF9-9FEC-CE1AC7E42E3F}.Release|Any CPU.Build.0 = Release|Any CPU
		{B231FDB5-DF3F-425F-A224-1057A3E7182C}.Debug|Any CPU.ActiveCfg = Debug|Any CPU
		{B231FDB5-DF3F-425F-A224-1057A3E7182C}.Debug|Any CPU.Build.0 = Debug|Any CPU
		{B231FDB5-DF3F-425F-A224-1057A3E7182C}.Release|Any CPU.ActiveCfg = Release|Any CPU
		{B231FDB5-DF3F-425F-A224-1057A3E7182C}.Release|Any CPU.Build.0 = Release|Any CPU
	EndGlobalSection
	GlobalSection(SolutionProperties) = preSolution
		HideSolutionNode = FALSE
	EndGlobalSection
	GlobalSection(ExtensibilityGlobals) = postSolution
		SolutionGuid = {91D22C3A-FE94-441F-9532-A27F96050A7E}
	EndGlobalSection
EndGlobal
