
Microsoft Visual Studio Solution File, Format Version 12.00
# Visual Studio Version 17
VisualStudioVersion = 17.6.33829.357
MinimumVisualStudioVersion = 10.0.40219.1
Project("{9A19103F-16F7-4668-BE54-9A1E7A4F7556}") = "E6dWebAppDebug", "Library\E6dWebAppDebug.csproj", "{4B87FD14-758D-42D9-B676-04038839571F}"
EndProject
Project("{9A19103F-16F7-4668-BE54-9A1E7A4F7556}") = "HelloerDebug", "Demo\Helloer\HelloerDebug.csproj", "{3F1C2CD2-AA3B-4403-946B-3A948EAE487E}"
EndProject
Project("{9A19103F-16F7-4668-BE54-9A1E7A4F7556}") = "InterfaceImplementerDebug", "Demo\InterfaceImplementer\InterfaceImplementerDebug.csproj", "{D06F80DD-0E7A-4FA6-8738-B70C3793CCE5}"
EndProject
Project("{FAE04EC0-301F-11D3-BF4B-00C04F79EFBC}") = "WebAppUnitTesting", "Demo\WebAppUnitTesting\WebAppUnitTesting.csproj", "{9768B7BB-645E-4087-8114-8B437D4F1EBA}"
EndProject
Project("{2150E333-8FDC-42A3-9474-1A3956D46DE8}") = "Tests", "Tests", "{3C989BAC-D344-4CF1-BE2A-22BF3B3510B2}"
EndProject
Project("{FAE04EC0-301F-11D3-BF4B-00C04F79EFBC}") = "TestProject1", "Tests\TestProject1\TestProject1.csproj", "{3D4F6A16-A36C-4096-AC90-EAF3B5EF674B}"
EndProject
Global
	GlobalSection(SolutionConfigurationPlatforms) = preSolution
		Debug|Any CPU = Debug|Any CPU
		Release|Any CPU = Release|Any CPU
	EndGlobalSection
	GlobalSection(ProjectConfigurationPlatforms) = postSolution
		{4B87FD14-758D-42D9-B676-04038839571F}.Debug|Any CPU.ActiveCfg = Debug|Any CPU
		{4B87FD14-758D-42D9-B676-04038839571F}.Debug|Any CPU.Build.0 = Debug|Any CPU
		{4B87FD14-758D-42D9-B676-04038839571F}.Release|Any CPU.ActiveCfg = Release|Any CPU
		{4B87FD14-758D-42D9-B676-04038839571F}.Release|Any CPU.Build.0 = Release|Any CPU
		{3F1C2CD2-AA3B-4403-946B-3A948EAE487E}.Debug|Any CPU.ActiveCfg = Debug|Any CPU
		{3F1C2CD2-AA3B-4403-946B-3A948EAE487E}.Debug|Any CPU.Build.0 = Debug|Any CPU
		{3F1C2CD2-AA3B-4403-946B-3A948EAE487E}.Release|Any CPU.ActiveCfg = Release|Any CPU
		{3F1C2CD2-AA3B-4403-946B-3A948EAE487E}.Release|Any CPU.Build.0 = Release|Any CPU
		{D06F80DD-0E7A-4FA6-8738-B70C3793CCE5}.Debug|Any CPU.ActiveCfg = Debug|Any CPU
		{D06F80DD-0E7A-4FA6-8738-B70C3793CCE5}.Debug|Any CPU.Build.0 = Debug|Any CPU
		{D06F80DD-0E7A-4FA6-8738-B70C3793CCE5}.Release|Any CPU.ActiveCfg = Release|Any CPU
		{D06F80DD-0E7A-4FA6-8738-B70C3793CCE5}.Release|Any CPU.Build.0 = Release|Any CPU
		{9768B7BB-645E-4087-8114-8B437D4F1EBA}.Debug|Any CPU.ActiveCfg = Debug|Any CPU
		{9768B7BB-645E-4087-8114-8B437D4F1EBA}.Debug|Any CPU.Build.0 = Debug|Any CPU
		{9768B7BB-645E-4087-8114-8B437D4F1EBA}.Release|Any CPU.ActiveCfg = Release|Any CPU
		{9768B7BB-645E-4087-8114-8B437D4F1EBA}.Release|Any CPU.Build.0 = Release|Any CPU
		{3D4F6A16-A36C-4096-AC90-EAF3B5EF674B}.Debug|Any CPU.ActiveCfg = Debug|Any CPU
		{3D4F6A16-A36C-4096-AC90-EAF3B5EF674B}.Debug|Any CPU.Build.0 = Debug|Any CPU
		{3D4F6A16-A36C-4096-AC90-EAF3B5EF674B}.Release|Any CPU.ActiveCfg = Release|Any CPU
		{3D4F6A16-A36C-4096-AC90-EAF3B5EF674B}.Release|Any CPU.Build.0 = Release|Any CPU
	EndGlobalSection
	GlobalSection(SolutionProperties) = preSolution
		HideSolutionNode = FALSE
	EndGlobalSection
	GlobalSection(NestedProjects) = preSolution
		{3D4F6A16-A36C-4096-AC90-EAF3B5EF674B} = {3C989BAC-D344-4CF1-BE2A-22BF3B3510B2}
	EndGlobalSection
	GlobalSection(ExtensibilityGlobals) = postSolution
		SolutionGuid = {E75E6050-1021-4070-A63F-B5FF333F8560}
	EndGlobalSection
EndGlobal
