
Microsoft Visual Studio Solution File, Format Version 12.00
# Visual Studio Version 17
VisualStudioVersion = 17.6.33829.357
MinimumVisualStudioVersion = 10.0.40219.1
Project("{9A19103F-16F7-4668-BE54-9A1E7A4F7556}") = "E6dWebAppDebug", "Library\E6dWebAppDebug.csproj", "{4B87FD14-758D-42D9-B676-04038839571F}"
EndProject
Project("{9A19103F-16F7-4668-BE54-9A1E7A4F7556}") = "HelloerDebug", "Demo\Helloer\HelloerDebug.csproj", "{3F1C2CD2-AA3B-4403-946B-3A948EAE487E}"
EndProject
Project("{9A19103F-16F7-4668-BE54-9A1E7A4F7556}") = "InterfaceImplementerDebug", "Demo\InterfaceImplementer\InterfaceImplementerDebug.csproj", "{D06F80DD-0E7A-4FA6-8738-B70C3793CCE5}"
EndProject
Project("{2150E333-8FDC-42A3-9474-1A3956D46DE8}") = "Demo", "Demo", "{ED02AC9A-B48E-4A7C-B09A-40ADA1767C0F}"
EndProject
Project("{2150E333-8FDC-42A3-9474-1A3956D46DE8}") = "UnitTesting", "UnitTesting", "{9379739A-7ADB-4E6D-AA9F-3C40929E0BE7}"
EndProject
Project("{9A19103F-16F7-4668-BE54-9A1E7A4F7556}") = "TestApplicationDebug", "Demo\UnitTesting\TestApplication\TestApplicationDebug.csproj", "{5DD5FA99-5735-48C8-8D71-A3821790710C}"
EndProject
Project("{9A19103F-16F7-4668-BE54-9A1E7A4F7556}") = "ServerDebug", "Demo\UnitTesting\Server\ServerDebug.csproj", "{02A386C1-6C3A-4FA5-9AF8-A55560F15B71}"
EndProject
Project("{FAE04EC0-301F-11D3-BF4B-00C04F79EFBC}") = "E6dWebAppUnitTests", "Tests\E6dWebAppUnitTests\E6dWebAppUnitTests.csproj", "{B45E6A05-6C41-45D7-A8B5-145F6E9AD352}"
EndProject
Global
	GlobalSection(SolutionConfigurationPlatforms) = preSolution
		Debug|Any CPU = Debug|Any CPU
		Release|Any CPU = Release|Any CPU
	EndGlobalSection
	GlobalSection(ProjectConfigurationPlatforms) = postSolution
		{4B87FD14-758D-42D9-B676-04038839571F}.Debug|Any CPU.ActiveCfg = Debug|Any CPU
		{4B87FD14-758D-42D9-B676-04038839571F}.Debug|Any CPU.Build.0 = Debug|Any CPU
		{4B87FD14-758D-42D9-B676-04038839571F}.Release|Any CPU.ActiveCfg = Release|Any CPU
		{4B87FD14-758D-42D9-B676-04038839571F}.Release|Any CPU.Build.0 = Release|Any CPU
		{3F1C2CD2-AA3B-4403-946B-3A948EAE487E}.Debug|Any CPU.ActiveCfg = Debug|Any CPU
		{3F1C2CD2-AA3B-4403-946B-3A948EAE487E}.Debug|Any CPU.Build.0 = Debug|Any CPU
		{3F1C2CD2-AA3B-4403-946B-3A948EAE487E}.Release|Any CPU.ActiveCfg = Release|Any CPU
		{3F1C2CD2-AA3B-4403-946B-3A948EAE487E}.Release|Any CPU.Build.0 = Release|Any CPU
		{D06F80DD-0E7A-4FA6-8738-B70C3793CCE5}.Debug|Any CPU.ActiveCfg = Debug|Any CPU
		{D06F80DD-0E7A-4FA6-8738-B70C3793CCE5}.Debug|Any CPU.Build.0 = Debug|Any CPU
		{D06F80DD-0E7A-4FA6-8738-B70C3793CCE5}.Release|Any CPU.ActiveCfg = Release|Any CPU
		{D06F80DD-0E7A-4FA6-8738-B70C3793CCE5}.Release|Any CPU.Build.0 = Release|Any CPU
		{5DD5FA99-5735-48C8-8D71-A3821790710C}.Debug|Any CPU.ActiveCfg = Debug|Any CPU
		{5DD5FA99-5735-48C8-8D71-A3821790710C}.Debug|Any CPU.Build.0 = Debug|Any CPU
		{5DD5FA99-5735-48C8-8D71-A3821790710C}.Release|Any CPU.ActiveCfg = Release|Any CPU
		{5DD5FA99-5735-48C8-8D71-A3821790710C}.Release|Any CPU.Build.0 = Release|Any CPU
		{02A386C1-6C3A-4FA5-9AF8-A55560F15B71}.Debug|Any CPU.ActiveCfg = Debug|Any CPU
		{02A386C1-6C3A-4FA5-9AF8-A55560F15B71}.Debug|Any CPU.Build.0 = Debug|Any CPU
		{02A386C1-6C3A-4FA5-9AF8-A55560F15B71}.Release|Any CPU.ActiveCfg = Release|Any CPU
		{02A386C1-6C3A-4FA5-9AF8-A55560F15B71}.Release|Any CPU.Build.0 = Release|Any CPU
		{B45E6A05-6C41-45D7-A8B5-145F6E9AD352}.Debug|Any CPU.ActiveCfg = Debug|Any CPU
		{B45E6A05-6C41-45D7-A8B5-145F6E9AD352}.Debug|Any CPU.Build.0 = Debug|Any CPU
		{B45E6A05-6C41-45D7-A8B5-145F6E9AD352}.Release|Any CPU.ActiveCfg = Release|Any CPU
		{B45E6A05-6C41-45D7-A8B5-145F6E9AD352}.Release|Any CPU.Build.0 = Release|Any CPU
	EndGlobalSection
	GlobalSection(SolutionProperties) = preSolution
		HideSolutionNode = FALSE
	EndGlobalSection
	GlobalSection(NestedProjects) = preSolution
		{3F1C2CD2-AA3B-4403-946B-3A948EAE487E} = {ED02AC9A-B48E-4A7C-B09A-40ADA1767C0F}
		{D06F80DD-0E7A-4FA6-8738-B70C3793CCE5} = {ED02AC9A-B48E-4A7C-B09A-40ADA1767C0F}
		{9379739A-7ADB-4E6D-AA9F-3C40929E0BE7} = {ED02AC9A-B48E-4A7C-B09A-40ADA1767C0F}
		{5DD5FA99-5735-48C8-8D71-A3821790710C} = {9379739A-7ADB-4E6D-AA9F-3C40929E0BE7}
		{02A386C1-6C3A-4FA5-9AF8-A55560F15B71} = {9379739A-7ADB-4E6D-AA9F-3C40929E0BE7}
	EndGlobalSection
	GlobalSection(ExtensibilityGlobals) = postSolution
		SolutionGuid = {E75E6050-1021-4070-A63F-B5FF333F8560}
	EndGlobalSection
EndGlobal
